
Microsoft Visual Studio Solution File, Format Version 12.00
# Visual Studio Version 17
VisualStudioVersion = 17.10.35013.160
MinimumVisualStudioVersion = 10.0.40219.1
Project("{FAE04EC0-301F-11D3-BF4B-00C04F79EFBC}") = "Snake", "Snake\Snake.csproj", "{ED84A849-CCE0-4695-93BF-926C8960DB9E}"
EndProject
Global
	GlobalSection(SolutionConfigurationPlatforms) = preSolution
		Debug|Any CPU = Debug|Any CPU
		Release|Any CPU = Release|Any CPU
	EndGlobalSection
	GlobalSection(ProjectConfigurationPlatforms) = postSolution
		{ED84A849-CCE0-4695-93BF-926C8960DB9E}.Debug|Any CPU.ActiveCfg = Debug|Any CPU
		{ED84A849-CCE0-4695-93BF-926C8960DB9E}.Debug|Any CPU.Build.0 = Debug|Any CPU
		{ED84A849-CCE0-4695-93BF-926C8960DB9E}.Release|Any CPU.ActiveCfg = Release|Any CPU
		{ED84A849-CCE0-4695-93BF-926C8960DB9E}.Release|Any CPU.Build.0 = Release|Any CPU
	EndGlobalSection
	GlobalSection(SolutionProperties) = preSolution
		HideSolutionNode = FALSE
	EndGlobalSection
	GlobalSection(ExtensibilityGlobals) = postSolution
		SolutionGuid = {1CC8F4E1-BB60-4427-8E6E-E328B76D313D}
	EndGlobalSection
EndGlobal
